
Microsoft Visual Studio Solution File, Format Version 12.00
# Visual Studio Version 16
VisualStudioVersion = 16.0.30128.74
MinimumVisualStudioVersion = 10.0.40219.1
Project("{888888A0-9F3D-457C-B088-3A5042F75D52}") = "Longest Common SubSequence", "Longest Common SubSequence\Longest Common SubSequence.pyproj", "{4CD87829-D788-44E4-8946-8D09860EA363}"
EndProject
Global
	GlobalSection(SolutionConfigurationPlatforms) = preSolution
		Debug|Any CPU = Debug|Any CPU
		Release|Any CPU = Release|Any CPU
	EndGlobalSection
	GlobalSection(ProjectConfigurationPlatforms) = postSolution
		{4CD87829-D788-44E4-8946-8D09860EA363}.Debug|Any CPU.ActiveCfg = Debug|Any CPU
		{4CD87829-D788-44E4-8946-8D09860EA363}.Release|Any CPU.ActiveCfg = Release|Any CPU
	EndGlobalSection
	GlobalSection(SolutionProperties) = preSolution
		HideSolutionNode = FALSE
	EndGlobalSection
	GlobalSection(ExtensibilityGlobals) = postSolution
		SolutionGuid = {587DA208-2E02-45E0-8540-C8BCFD058E7A}
	EndGlobalSection
EndGlobal
